// !$*UTF8*$!
{
	archiveVersion = 1;
	classes = {
	};
	objectVersion = 51;
	objects = {

/* Begin PBXBuildFile section */
		143C79FFD0337DE17A7D9058 /* Pods_Yaar_YaarUITests.framework in Frameworks */ = {isa = PBXBuildFile; fileRef = D91210666690E3444B86697B /* Pods_Yaar_YaarUITests.framework */; };
		3E623BA53064CE16D246C4BD /* Pods_Yaar.framework in Frameworks */ = {isa = PBXBuildFile; fileRef = 55FEA018D8E31AB805EF5761 /* Pods_Yaar.framework */; };
		96440D892641E8710006429C /* UINavigationController+Extension.swift in Sources */ = {isa = PBXBuildFile; fileRef = 96440D882641E8710006429C /* UINavigationController+Extension.swift */; };
		96440D922641F57E0006429C /* SlideInTransition.swift in Sources */ = {isa = PBXBuildFile; fileRef = 96440D912641F57E0006429C /* SlideInTransition.swift */; };
		96C48752263B49FB00D18B35 /* YaarAPIService.swift in Sources */ = {isa = PBXBuildFile; fileRef = 96C48751263B49FB00D18B35 /* YaarAPIService.swift */; };
		96C4875A263B4AF700D18B35 /* Networking.swift in Sources */ = {isa = PBXBuildFile; fileRef = 96C48759263B4AF700D18B35 /* Networking.swift */; };
		96C48765263B4EBC00D18B35 /* AuthViewModel.swift in Sources */ = {isa = PBXBuildFile; fileRef = 96C48764263B4EBC00D18B35 /* AuthViewModel.swift */; };
		96C48778263C8D6B00D18B35 /* AuthViewController.swift in Sources */ = {isa = PBXBuildFile; fileRef = 96C48777263C8D6B00D18B35 /* AuthViewController.swift */; };
		96C48785263CD95700D18B35 /* DataStoreViewController.swift in Sources */ = {isa = PBXBuildFile; fileRef = 96C48784263CD95700D18B35 /* DataStoreViewController.swift */; };
		96C4878C263CE45300D18B35 /* DataStoreTableViewCell.swift in Sources */ = {isa = PBXBuildFile; fileRef = 96C4878A263CE45300D18B35 /* DataStoreTableViewCell.swift */; };
		96C4878D263CE45300D18B35 /* DataStoreTableViewCell.xib in Resources */ = {isa = PBXBuildFile; fileRef = 96C4878B263CE45300D18B35 /* DataStoreTableViewCell.xib */; };
		96C487A9263DA1A600D18B35 /* DataStoreViewModel.swift in Sources */ = {isa = PBXBuildFile; fileRef = 96C487A8263DA1A600D18B35 /* DataStoreViewModel.swift */; };
		96C487DC263E32E000D18B35 /* AlertBuilder.swift in Sources */ = {isa = PBXBuildFile; fileRef = 96C487DB263E32E000D18B35 /* AlertBuilder.swift */; };
		96C487F0263EC29A00D18B35 /* MockYaarAPIClient.swift in Sources */ = {isa = PBXBuildFile; fileRef = 96C487EF263EC29A00D18B35 /* MockYaarAPIClient.swift */; };
		96C487F8263EC4F200D18B35 /* YaarAPIProtocol.swift in Sources */ = {isa = PBXBuildFile; fileRef = 96C487F7263EC4F100D18B35 /* YaarAPIProtocol.swift */; };
		96C48800263F008B00D18B35 /* YaarModel.swift in Sources */ = {isa = PBXBuildFile; fileRef = 96C487FF263F008A00D18B35 /* YaarModel.swift */; };
		96FEF6742639F543007E4BD3 /* AppDelegate.swift in Sources */ = {isa = PBXBuildFile; fileRef = 96FEF6732639F543007E4BD3 /* AppDelegate.swift */; };
		96FEF6762639F543007E4BD3 /* SceneDelegate.swift in Sources */ = {isa = PBXBuildFile; fileRef = 96FEF6752639F543007E4BD3 /* SceneDelegate.swift */; };
		96FEF6782639F543007E4BD3 /* MainViewController.swift in Sources */ = {isa = PBXBuildFile; fileRef = 96FEF6772639F543007E4BD3 /* MainViewController.swift */; };
		96FEF67B2639F543007E4BD3 /* Main.storyboard in Resources */ = {isa = PBXBuildFile; fileRef = 96FEF6792639F543007E4BD3 /* Main.storyboard */; };
		96FEF67D2639F545007E4BD3 /* Assets.xcassets in Resources */ = {isa = PBXBuildFile; fileRef = 96FEF67C2639F545007E4BD3 /* Assets.xcassets */; };
		96FEF6802639F545007E4BD3 /* LaunchScreen.storyboard in Resources */ = {isa = PBXBuildFile; fileRef = 96FEF67E2639F545007E4BD3 /* LaunchScreen.storyboard */; };
		96FEF68B2639F545007E4BD3 /* YaarTests.swift in Sources */ = {isa = PBXBuildFile; fileRef = 96FEF68A2639F545007E4BD3 /* YaarTests.swift */; };
		96FEF6962639F545007E4BD3 /* YaarUITests.swift in Sources */ = {isa = PBXBuildFile; fileRef = 96FEF6952639F545007E4BD3 /* YaarUITests.swift */; };
		F30AC6E1CDABF759A52CB81D /* Pods_YaarTests.framework in Frameworks */ = {isa = PBXBuildFile; fileRef = 4E847ADCFE92741BF40D37C6 /* Pods_YaarTests.framework */; };
/* End PBXBuildFile section */

/* Begin PBXContainerItemProxy section */
		96FEF6872639F545007E4BD3 /* PBXContainerItemProxy */ = {
			isa = PBXContainerItemProxy;
			containerPortal = 96FEF6682639F543007E4BD3 /* Project object */;
			proxyType = 1;
			remoteGlobalIDString = 96FEF66F2639F543007E4BD3;
			remoteInfo = Yaar;
		};
		96FEF6922639F545007E4BD3 /* PBXContainerItemProxy */ = {
			isa = PBXContainerItemProxy;
			containerPortal = 96FEF6682639F543007E4BD3 /* Project object */;
			proxyType = 1;
			remoteGlobalIDString = 96FEF66F2639F543007E4BD3;
			remoteInfo = Yaar;
		};
/* End PBXContainerItemProxy section */

/* Begin PBXFileReference section */
		25FC260B3552EE3261A98BE2 /* Pods-YaarTests.debug.xcconfig */ = {isa = PBXFileReference; includeInIndex = 1; lastKnownFileType = text.xcconfig; name = "Pods-YaarTests.debug.xcconfig"; path = "Target Support Files/Pods-YaarTests/Pods-YaarTests.debug.xcconfig"; sourceTree = "<group>"; };
		4E847ADCFE92741BF40D37C6 /* Pods_YaarTests.framework */ = {isa = PBXFileReference; explicitFileType = wrapper.framework; includeInIndex = 0; path = Pods_YaarTests.framework; sourceTree = BUILT_PRODUCTS_DIR; };
		5562E748E57E8E3D2046C4DC /* Pods-Yaar-YaarUITests.release.xcconfig */ = {isa = PBXFileReference; includeInIndex = 1; lastKnownFileType = text.xcconfig; name = "Pods-Yaar-YaarUITests.release.xcconfig"; path = "Target Support Files/Pods-Yaar-YaarUITests/Pods-Yaar-YaarUITests.release.xcconfig"; sourceTree = "<group>"; };
		55FEA018D8E31AB805EF5761 /* Pods_Yaar.framework */ = {isa = PBXFileReference; explicitFileType = wrapper.framework; includeInIndex = 0; path = Pods_Yaar.framework; sourceTree = BUILT_PRODUCTS_DIR; };
		96440D882641E8710006429C /* UINavigationController+Extension.swift */ = {isa = PBXFileReference; fileEncoding = 4; lastKnownFileType = sourcecode.swift; path = "UINavigationController+Extension.swift"; sourceTree = "<group>"; };
		96440D912641F57E0006429C /* SlideInTransition.swift */ = {isa = PBXFileReference; lastKnownFileType = sourcecode.swift; path = SlideInTransition.swift; sourceTree = "<group>"; };
		96C48751263B49FB00D18B35 /* YaarAPIService.swift */ = {isa = PBXFileReference; lastKnownFileType = sourcecode.swift; path = YaarAPIService.swift; sourceTree = "<group>"; };
		96C48759263B4AF700D18B35 /* Networking.swift */ = {isa = PBXFileReference; lastKnownFileType = sourcecode.swift; path = Networking.swift; sourceTree = "<group>"; };
		96C48764263B4EBC00D18B35 /* AuthViewModel.swift */ = {isa = PBXFileReference; lastKnownFileType = sourcecode.swift; path = AuthViewModel.swift; sourceTree = "<group>"; };
		96C48777263C8D6B00D18B35 /* AuthViewController.swift */ = {isa = PBXFileReference; lastKnownFileType = sourcecode.swift; path = AuthViewController.swift; sourceTree = "<group>"; };
		96C48784263CD95700D18B35 /* DataStoreViewController.swift */ = {isa = PBXFileReference; lastKnownFileType = sourcecode.swift; path = DataStoreViewController.swift; sourceTree = "<group>"; };
		96C4878A263CE45300D18B35 /* DataStoreTableViewCell.swift */ = {isa = PBXFileReference; lastKnownFileType = sourcecode.swift; path = DataStoreTableViewCell.swift; sourceTree = "<group>"; };
		96C4878B263CE45300D18B35 /* DataStoreTableViewCell.xib */ = {isa = PBXFileReference; lastKnownFileType = file.xib; path = DataStoreTableViewCell.xib; sourceTree = "<group>"; };
		96C487A8263DA1A600D18B35 /* DataStoreViewModel.swift */ = {isa = PBXFileReference; lastKnownFileType = sourcecode.swift; path = DataStoreViewModel.swift; sourceTree = "<group>"; };
		96C487DB263E32E000D18B35 /* AlertBuilder.swift */ = {isa = PBXFileReference; lastKnownFileType = sourcecode.swift; path = AlertBuilder.swift; sourceTree = "<group>"; };
		96C487EF263EC29A00D18B35 /* MockYaarAPIClient.swift */ = {isa = PBXFileReference; lastKnownFileType = sourcecode.swift; path = MockYaarAPIClient.swift; sourceTree = "<group>"; };
		96C487F7263EC4F100D18B35 /* YaarAPIProtocol.swift */ = {isa = PBXFileReference; lastKnownFileType = sourcecode.swift; path = YaarAPIProtocol.swift; sourceTree = "<group>"; };
		96C487FF263F008A00D18B35 /* YaarModel.swift */ = {isa = PBXFileReference; lastKnownFileType = sourcecode.swift; path = YaarModel.swift; sourceTree = "<group>"; };
		96FEF6702639F543007E4BD3 /* Yaar.app */ = {isa = PBXFileReference; explicitFileType = wrapper.application; includeInIndex = 0; path = Yaar.app; sourceTree = BUILT_PRODUCTS_DIR; };
		96FEF6732639F543007E4BD3 /* AppDelegate.swift */ = {isa = PBXFileReference; lastKnownFileType = sourcecode.swift; path = AppDelegate.swift; sourceTree = "<group>"; };
		96FEF6752639F543007E4BD3 /* SceneDelegate.swift */ = {isa = PBXFileReference; lastKnownFileType = sourcecode.swift; path = SceneDelegate.swift; sourceTree = "<group>"; };
		96FEF6772639F543007E4BD3 /* MainViewController.swift */ = {isa = PBXFileReference; lastKnownFileType = sourcecode.swift; path = MainViewController.swift; sourceTree = "<group>"; };
		96FEF67A2639F543007E4BD3 /* Base */ = {isa = PBXFileReference; lastKnownFileType = file.storyboard; name = Base; path = Base.lproj/Main.storyboard; sourceTree = "<group>"; };
		96FEF67C2639F545007E4BD3 /* Assets.xcassets */ = {isa = PBXFileReference; lastKnownFileType = folder.assetcatalog; path = Assets.xcassets; sourceTree = "<group>"; };
		96FEF67F2639F545007E4BD3 /* Base */ = {isa = PBXFileReference; lastKnownFileType = file.storyboard; name = Base; path = Base.lproj/LaunchScreen.storyboard; sourceTree = "<group>"; };
		96FEF6812639F545007E4BD3 /* Info.plist */ = {isa = PBXFileReference; lastKnownFileType = text.plist.xml; path = Info.plist; sourceTree = "<group>"; };
		96FEF6862639F545007E4BD3 /* YaarTests.xctest */ = {isa = PBXFileReference; explicitFileType = wrapper.cfbundle; includeInIndex = 0; path = YaarTests.xctest; sourceTree = BUILT_PRODUCTS_DIR; };
		96FEF68A2639F545007E4BD3 /* YaarTests.swift */ = {isa = PBXFileReference; lastKnownFileType = sourcecode.swift; path = YaarTests.swift; sourceTree = "<group>"; };
		96FEF68C2639F545007E4BD3 /* Info.plist */ = {isa = PBXFileReference; lastKnownFileType = text.plist.xml; path = Info.plist; sourceTree = "<group>"; };
		96FEF6912639F545007E4BD3 /* YaarUITests.xctest */ = {isa = PBXFileReference; explicitFileType = wrapper.cfbundle; includeInIndex = 0; path = YaarUITests.xctest; sourceTree = BUILT_PRODUCTS_DIR; };
		96FEF6952639F545007E4BD3 /* YaarUITests.swift */ = {isa = PBXFileReference; lastKnownFileType = sourcecode.swift; path = YaarUITests.swift; sourceTree = "<group>"; };
		96FEF6972639F545007E4BD3 /* Info.plist */ = {isa = PBXFileReference; lastKnownFileType = text.plist.xml; path = Info.plist; sourceTree = "<group>"; };
		A114578CBEE37B4298109541 /* Pods-Yaar.release.xcconfig */ = {isa = PBXFileReference; includeInIndex = 1; lastKnownFileType = text.xcconfig; name = "Pods-Yaar.release.xcconfig"; path = "Target Support Files/Pods-Yaar/Pods-Yaar.release.xcconfig"; sourceTree = "<group>"; };
		C2746BFDAF24A3AA460B207D /* Pods-YaarTests.release.xcconfig */ = {isa = PBXFileReference; includeInIndex = 1; lastKnownFileType = text.xcconfig; name = "Pods-YaarTests.release.xcconfig"; path = "Target Support Files/Pods-YaarTests/Pods-YaarTests.release.xcconfig"; sourceTree = "<group>"; };
		C9BC39DFEE1C48CA3B7E918F /* Pods-Yaar-YaarUITests.debug.xcconfig */ = {isa = PBXFileReference; includeInIndex = 1; lastKnownFileType = text.xcconfig; name = "Pods-Yaar-YaarUITests.debug.xcconfig"; path = "Target Support Files/Pods-Yaar-YaarUITests/Pods-Yaar-YaarUITests.debug.xcconfig"; sourceTree = "<group>"; };
		D91210666690E3444B86697B /* Pods_Yaar_YaarUITests.framework */ = {isa = PBXFileReference; explicitFileType = wrapper.framework; includeInIndex = 0; path = Pods_Yaar_YaarUITests.framework; sourceTree = BUILT_PRODUCTS_DIR; };
		FCA7FE311B13509EAB35E49A /* Pods-Yaar.debug.xcconfig */ = {isa = PBXFileReference; includeInIndex = 1; lastKnownFileType = text.xcconfig; name = "Pods-Yaar.debug.xcconfig"; path = "Target Support Files/Pods-Yaar/Pods-Yaar.debug.xcconfig"; sourceTree = "<group>"; };
/* End PBXFileReference section */

/* Begin PBXFrameworksBuildPhase section */
		96FEF66D2639F543007E4BD3 /* Frameworks */ = {
			isa = PBXFrameworksBuildPhase;
			buildActionMask = 2147483647;
			files = (
				3E623BA53064CE16D246C4BD /* Pods_Yaar.framework in Frameworks */,
			);
			runOnlyForDeploymentPostprocessing = 0;
		};
		96FEF6832639F545007E4BD3 /* Frameworks */ = {
			isa = PBXFrameworksBuildPhase;
			buildActionMask = 2147483647;
			files = (
				F30AC6E1CDABF759A52CB81D /* Pods_YaarTests.framework in Frameworks */,
			);
			runOnlyForDeploymentPostprocessing = 0;
		};
		96FEF68E2639F545007E4BD3 /* Frameworks */ = {
			isa = PBXFrameworksBuildPhase;
			buildActionMask = 2147483647;
			files = (
				143C79FFD0337DE17A7D9058 /* Pods_Yaar_YaarUITests.framework in Frameworks */,
			);
			runOnlyForDeploymentPostprocessing = 0;
		};
/* End PBXFrameworksBuildPhase section */

/* Begin PBXGroup section */
		96C48750263B496C00D18B35 /* Network */ = {
			isa = PBXGroup;
			children = (
				96C48751263B49FB00D18B35 /* YaarAPIService.swift */,
				96C48759263B4AF700D18B35 /* Networking.swift */,
				96C487F7263EC4F100D18B35 /* YaarAPIProtocol.swift */,
			);
			path = Network;
			sourceTree = "<group>";
		};
		96C4875E263B4CB900D18B35 /* Model */ = {
			isa = PBXGroup;
			children = (
				96C487FF263F008A00D18B35 /* YaarModel.swift */,
			);
			path = Model;
			sourceTree = "<group>";
		};
		96C48762263B4E8100D18B35 /* ViewModel */ = {
			isa = PBXGroup;
			children = (
				96C48764263B4EBC00D18B35 /* AuthViewModel.swift */,
				96C487A8263DA1A600D18B35 /* DataStoreViewModel.swift */,
			);
			path = ViewModel;
			sourceTree = "<group>";
		};
		96C48763263B4E9100D18B35 /* ViewController */ = {
			isa = PBXGroup;
			children = (
				96FEF6772639F543007E4BD3 /* MainViewController.swift */,
				96C48777263C8D6B00D18B35 /* AuthViewController.swift */,
				96C48784263CD95700D18B35 /* DataStoreViewController.swift */,
			);
			path = ViewController;
			sourceTree = "<group>";
		};
		96C48789263CE41E00D18B35 /* Cell */ = {
			isa = PBXGroup;
			children = (
				96C4878A263CE45300D18B35 /* DataStoreTableViewCell.swift */,
				96C4878B263CE45300D18B35 /* DataStoreTableViewCell.xib */,
			);
			path = Cell;
			sourceTree = "<group>";
		};
		96C487DA263E328900D18B35 /* Utilities */ = {
			isa = PBXGroup;
			children = (
				96440D882641E8710006429C /* UINavigationController+Extension.swift */,
				96C487DB263E32E000D18B35 /* AlertBuilder.swift */,
				96440D912641F57E0006429C /* SlideInTransition.swift */,
			);
			path = Utilities;
			sourceTree = "<group>";
		};
		96C487E3263E365E00D18B35 /* Application */ = {
			isa = PBXGroup;
			children = (
				96FEF6752639F543007E4BD3 /* SceneDelegate.swift */,
				96FEF6732639F543007E4BD3 /* AppDelegate.swift */,
			);
			path = Application;
			sourceTree = "<group>";
		};
		96C487EA263E3C3600D18B35 /* StoryBoard */ = {
			isa = PBXGroup;
			children = (
				96FEF67E2639F545007E4BD3 /* LaunchScreen.storyboard */,
				96FEF6792639F543007E4BD3 /* Main.storyboard */,
			);
			path = StoryBoard;
			sourceTree = "<group>";
		};
		96C487EE263EC26100D18B35 /* Mocks */ = {
			isa = PBXGroup;
			children = (
				96C487EF263EC29A00D18B35 /* MockYaarAPIClient.swift */,
			);
			path = Mocks;
			sourceTree = "<group>";
		};
		96C48804263F00D300D18B35 /* Assets */ = {
			isa = PBXGroup;
			children = (
				96FEF67C2639F545007E4BD3 /* Assets.xcassets */,
			);
			path = Assets;
			sourceTree = "<group>";
		};
		96FEF6672639F543007E4BD3 = {
			isa = PBXGroup;
			children = (
				96FEF6722639F543007E4BD3 /* Yaar */,
				96FEF6892639F545007E4BD3 /* YaarTests */,
				96FEF6942639F545007E4BD3 /* YaarUITests */,
				96FEF6712639F543007E4BD3 /* Products */,
				B08CA1653E8D611660C9764E /* Pods */,
				D134327FB83BC3B6C2FA3A1A /* Frameworks */,
			);
			sourceTree = "<group>";
		};
		96FEF6712639F543007E4BD3 /* Products */ = {
			isa = PBXGroup;
			children = (
				96FEF6702639F543007E4BD3 /* Yaar.app */,
				96FEF6862639F545007E4BD3 /* YaarTests.xctest */,
				96FEF6912639F545007E4BD3 /* YaarUITests.xctest */,
			);
			name = Products;
			sourceTree = "<group>";
		};
		96FEF6722639F543007E4BD3 /* Yaar */ = {
			isa = PBXGroup;
			children = (
				96C487E3263E365E00D18B35 /* Application */,
				96C4875E263B4CB900D18B35 /* Model */,
				96C48789263CE41E00D18B35 /* Cell */,
				96C48763263B4E9100D18B35 /* ViewController */,
				96C48762263B4E8100D18B35 /* ViewModel */,
				96C48750263B496C00D18B35 /* Network */,
				96C48804263F00D300D18B35 /* Assets */,
				96C487EA263E3C3600D18B35 /* StoryBoard */,
				96C487DA263E328900D18B35 /* Utilities */,
				96FEF6812639F545007E4BD3 /* Info.plist */,
			);
			path = Yaar;
			sourceTree = "<group>";
		};
		96FEF6892639F545007E4BD3 /* YaarTests */ = {
			isa = PBXGroup;
			children = (
				96C487EE263EC26100D18B35 /* Mocks */,
				96FEF68A2639F545007E4BD3 /* YaarTests.swift */,
				96FEF68C2639F545007E4BD3 /* Info.plist */,
			);
			path = YaarTests;
			sourceTree = "<group>";
		};
		96FEF6942639F545007E4BD3 /* YaarUITests */ = {
			isa = PBXGroup;
			children = (
				96FEF6952639F545007E4BD3 /* YaarUITests.swift */,
				96FEF6972639F545007E4BD3 /* Info.plist */,
			);
			path = YaarUITests;
			sourceTree = "<group>";
		};
		B08CA1653E8D611660C9764E /* Pods */ = {
			isa = PBXGroup;
			children = (
				FCA7FE311B13509EAB35E49A /* Pods-Yaar.debug.xcconfig */,
				A114578CBEE37B4298109541 /* Pods-Yaar.release.xcconfig */,
				C9BC39DFEE1C48CA3B7E918F /* Pods-Yaar-YaarUITests.debug.xcconfig */,
				5562E748E57E8E3D2046C4DC /* Pods-Yaar-YaarUITests.release.xcconfig */,
				25FC260B3552EE3261A98BE2 /* Pods-YaarTests.debug.xcconfig */,
				C2746BFDAF24A3AA460B207D /* Pods-YaarTests.release.xcconfig */,
			);
			path = Pods;
			sourceTree = "<group>";
		};
		D134327FB83BC3B6C2FA3A1A /* Frameworks */ = {
			isa = PBXGroup;
			children = (
				55FEA018D8E31AB805EF5761 /* Pods_Yaar.framework */,
				D91210666690E3444B86697B /* Pods_Yaar_YaarUITests.framework */,
				4E847ADCFE92741BF40D37C6 /* Pods_YaarTests.framework */,
			);
			name = Frameworks;
			sourceTree = "<group>";
		};
/* End PBXGroup section */

/* Begin PBXNativeTarget section */
		96FEF66F2639F543007E4BD3 /* Yaar */ = {
			isa = PBXNativeTarget;
			buildConfigurationList = 96FEF69A2639F545007E4BD3 /* Build configuration list for PBXNativeTarget "Yaar" */;
			buildPhases = (
				AE714CFD3430D64097DBC537 /* [CP] Check Pods Manifest.lock */,
				96FEF66C2639F543007E4BD3 /* Sources */,
				96FEF66D2639F543007E4BD3 /* Frameworks */,
				96FEF66E2639F543007E4BD3 /* Resources */,
				278CB7EA0F75E8167569FB6D /* [CP] Embed Pods Frameworks */,
			);
			buildRules = (
			);
			dependencies = (
			);
			name = Yaar;
			productName = Yaar;
			productReference = 96FEF6702639F543007E4BD3 /* Yaar.app */;
			productType = "com.apple.product-type.application";
		};
		96FEF6852639F545007E4BD3 /* YaarTests */ = {
			isa = PBXNativeTarget;
			buildConfigurationList = 96FEF69D2639F545007E4BD3 /* Build configuration list for PBXNativeTarget "YaarTests" */;
			buildPhases = (
				F107C200EB92C38B7DF1C967 /* [CP] Check Pods Manifest.lock */,
				96FEF6822639F545007E4BD3 /* Sources */,
				96FEF6832639F545007E4BD3 /* Frameworks */,
				96FEF6842639F545007E4BD3 /* Resources */,
			);
			buildRules = (
			);
			dependencies = (
				96FEF6882639F545007E4BD3 /* PBXTargetDependency */,
			);
			name = YaarTests;
			productName = YaarTests;
			productReference = 96FEF6862639F545007E4BD3 /* YaarTests.xctest */;
			productType = "com.apple.product-type.bundle.unit-test";
		};
		96FEF6902639F545007E4BD3 /* YaarUITests */ = {
			isa = PBXNativeTarget;
			buildConfigurationList = 96FEF6A02639F545007E4BD3 /* Build configuration list for PBXNativeTarget "YaarUITests" */;
			buildPhases = (
				86818392D04786F11EE9AF0B /* [CP] Check Pods Manifest.lock */,
				96FEF68D2639F545007E4BD3 /* Sources */,
				96FEF68E2639F545007E4BD3 /* Frameworks */,
				96FEF68F2639F545007E4BD3 /* Resources */,
				4EA44A1653AE9601C301188C /* [CP] Embed Pods Frameworks */,
			);
			buildRules = (
			);
			dependencies = (
				96FEF6932639F545007E4BD3 /* PBXTargetDependency */,
			);
			name = YaarUITests;
			productName = YaarUITests;
			productReference = 96FEF6912639F545007E4BD3 /* YaarUITests.xctest */;
			productType = "com.apple.product-type.bundle.ui-testing";
		};
/* End PBXNativeTarget section */

/* Begin PBXProject section */
		96FEF6682639F543007E4BD3 /* Project object */ = {
			isa = PBXProject;
			attributes = {
				LastSwiftUpdateCheck = 1230;
				LastUpgradeCheck = 1230;
				TargetAttributes = {
					96FEF66F2639F543007E4BD3 = {
						CreatedOnToolsVersion = 12.3;
					};
					96FEF6852639F545007E4BD3 = {
						CreatedOnToolsVersion = 12.3;
						TestTargetID = 96FEF66F2639F543007E4BD3;
					};
					96FEF6902639F545007E4BD3 = {
						CreatedOnToolsVersion = 12.3;
						TestTargetID = 96FEF66F2639F543007E4BD3;
					};
				};
			};
			buildConfigurationList = 96FEF66B2639F543007E4BD3 /* Build configuration list for PBXProject "Yaar" */;
			compatibilityVersion = "Xcode 9.3";
			developmentRegion = en;
			hasScannedForEncodings = 0;
			knownRegions = (
				en,
				Base,
			);
			mainGroup = 96FEF6672639F543007E4BD3;
			productRefGroup = 96FEF6712639F543007E4BD3 /* Products */;
			projectDirPath = "";
			projectRoot = "";
			targets = (
				96FEF66F2639F543007E4BD3 /* Yaar */,
				96FEF6852639F545007E4BD3 /* YaarTests */,
				96FEF6902639F545007E4BD3 /* YaarUITests */,
			);
		};
/* End PBXProject section */

/* Begin PBXResourcesBuildPhase section */
		96FEF66E2639F543007E4BD3 /* Resources */ = {
			isa = PBXResourcesBuildPhase;
			buildActionMask = 2147483647;
			files = (
				96FEF6802639F545007E4BD3 /* LaunchScreen.storyboard in Resources */,
				96C4878D263CE45300D18B35 /* DataStoreTableViewCell.xib in Resources */,
				96FEF67D2639F545007E4BD3 /* Assets.xcassets in Resources */,
				96FEF67B2639F543007E4BD3 /* Main.storyboard in Resources */,
			);
			runOnlyForDeploymentPostprocessing = 0;
		};
		96FEF6842639F545007E4BD3 /* Resources */ = {
			isa = PBXResourcesBuildPhase;
			buildActionMask = 2147483647;
			files = (
			);
			runOnlyForDeploymentPostprocessing = 0;
		};
		96FEF68F2639F545007E4BD3 /* Resources */ = {
			isa = PBXResourcesBuildPhase;
			buildActionMask = 2147483647;
			files = (
			);
			runOnlyForDeploymentPostprocessing = 0;
		};
/* End PBXResourcesBuildPhase section */

/* Begin PBXShellScriptBuildPhase section */
		278CB7EA0F75E8167569FB6D /* [CP] Embed Pods Frameworks */ = {
			isa = PBXShellScriptBuildPhase;
			buildActionMask = 2147483647;
			files = (
			);
			inputFileListPaths = (
				"${PODS_ROOT}/Target Support Files/Pods-Yaar/Pods-Yaar-frameworks-${CONFIGURATION}-input-files.xcfilelist",
			);
			name = "[CP] Embed Pods Frameworks";
			outputFileListPaths = (
				"${PODS_ROOT}/Target Support Files/Pods-Yaar/Pods-Yaar-frameworks-${CONFIGURATION}-output-files.xcfilelist",
			);
			runOnlyForDeploymentPostprocessing = 0;
			shellPath = /bin/sh;
			shellScript = "\"${PODS_ROOT}/Target Support Files/Pods-Yaar/Pods-Yaar-frameworks.sh\"\n";
			showEnvVarsInLog = 0;
		};
		4EA44A1653AE9601C301188C /* [CP] Embed Pods Frameworks */ = {
			isa = PBXShellScriptBuildPhase;
			buildActionMask = 2147483647;
			files = (
			);
			inputFileListPaths = (
				"${PODS_ROOT}/Target Support Files/Pods-Yaar-YaarUITests/Pods-Yaar-YaarUITests-frameworks-${CONFIGURATION}-input-files.xcfilelist",
			);
			name = "[CP] Embed Pods Frameworks";
			outputFileListPaths = (
				"${PODS_ROOT}/Target Support Files/Pods-Yaar-YaarUITests/Pods-Yaar-YaarUITests-frameworks-${CONFIGURATION}-output-files.xcfilelist",
			);
			runOnlyForDeploymentPostprocessing = 0;
			shellPath = /bin/sh;
			shellScript = "\"${PODS_ROOT}/Target Support Files/Pods-Yaar-YaarUITests/Pods-Yaar-YaarUITests-frameworks.sh\"\n";
			showEnvVarsInLog = 0;
		};
		86818392D04786F11EE9AF0B /* [CP] Check Pods Manifest.lock */ = {
			isa = PBXShellScriptBuildPhase;
			buildActionMask = 2147483647;
			files = (
			);
			inputFileListPaths = (
			);
			inputPaths = (
				"${PODS_PODFILE_DIR_PATH}/Podfile.lock",
				"${PODS_ROOT}/Manifest.lock",
			);
			name = "[CP] Check Pods Manifest.lock";
			outputFileListPaths = (
			);
			outputPaths = (
				"$(DERIVED_FILE_DIR)/Pods-Yaar-YaarUITests-checkManifestLockResult.txt",
			);
			runOnlyForDeploymentPostprocessing = 0;
			shellPath = /bin/sh;
			shellScript = "diff \"${PODS_PODFILE_DIR_PATH}/Podfile.lock\" \"${PODS_ROOT}/Manifest.lock\" > /dev/null\nif [ $? != 0 ] ; then\n    # print error to STDERR\n    echo \"error: The sandbox is not in sync with the Podfile.lock. Run 'pod install' or update your CocoaPods installation.\" >&2\n    exit 1\nfi\n# This output is used by Xcode 'outputs' to avoid re-running this script phase.\necho \"SUCCESS\" > \"${SCRIPT_OUTPUT_FILE_0}\"\n";
			showEnvVarsInLog = 0;
		};
		AE714CFD3430D64097DBC537 /* [CP] Check Pods Manifest.lock */ = {
			isa = PBXShellScriptBuildPhase;
			buildActionMask = 2147483647;
			files = (
			);
			inputFileListPaths = (
			);
			inputPaths = (
				"${PODS_PODFILE_DIR_PATH}/Podfile.lock",
				"${PODS_ROOT}/Manifest.lock",
			);
			name = "[CP] Check Pods Manifest.lock";
			outputFileListPaths = (
			);
			outputPaths = (
				"$(DERIVED_FILE_DIR)/Pods-Yaar-checkManifestLockResult.txt",
			);
			runOnlyForDeploymentPostprocessing = 0;
			shellPath = /bin/sh;
			shellScript = "diff \"${PODS_PODFILE_DIR_PATH}/Podfile.lock\" \"${PODS_ROOT}/Manifest.lock\" > /dev/null\nif [ $? != 0 ] ; then\n    # print error to STDERR\n    echo \"error: The sandbox is not in sync with the Podfile.lock. Run 'pod install' or update your CocoaPods installation.\" >&2\n    exit 1\nfi\n# This output is used by Xcode 'outputs' to avoid re-running this script phase.\necho \"SUCCESS\" > \"${SCRIPT_OUTPUT_FILE_0}\"\n";
			showEnvVarsInLog = 0;
		};
		F107C200EB92C38B7DF1C967 /* [CP] Check Pods Manifest.lock */ = {
			isa = PBXShellScriptBuildPhase;
			buildActionMask = 2147483647;
			files = (
			);
			inputFileListPaths = (
			);
			inputPaths = (
				"${PODS_PODFILE_DIR_PATH}/Podfile.lock",
				"${PODS_ROOT}/Manifest.lock",
			);
			name = "[CP] Check Pods Manifest.lock";
			outputFileListPaths = (
			);
			outputPaths = (
				"$(DERIVED_FILE_DIR)/Pods-YaarTests-checkManifestLockResult.txt",
			);
			runOnlyForDeploymentPostprocessing = 0;
			shellPath = /bin/sh;
			shellScript = "diff \"${PODS_PODFILE_DIR_PATH}/Podfile.lock\" \"${PODS_ROOT}/Manifest.lock\" > /dev/null\nif [ $? != 0 ] ; then\n    # print error to STDERR\n    echo \"error: The sandbox is not in sync with the Podfile.lock. Run 'pod install' or update your CocoaPods installation.\" >&2\n    exit 1\nfi\n# This output is used by Xcode 'outputs' to avoid re-running this script phase.\necho \"SUCCESS\" > \"${SCRIPT_OUTPUT_FILE_0}\"\n";
			showEnvVarsInLog = 0;
		};
/* End PBXShellScriptBuildPhase section */

/* Begin PBXSourcesBuildPhase section */
		96FEF66C2639F543007E4BD3 /* Sources */ = {
			isa = PBXSourcesBuildPhase;
			buildActionMask = 2147483647;
			files = (
				96C487A9263DA1A600D18B35 /* DataStoreViewModel.swift in Sources */,
				96FEF6782639F543007E4BD3 /* MainViewController.swift in Sources */,
				96C4875A263B4AF700D18B35 /* Networking.swift in Sources */,
				96C48765263B4EBC00D18B35 /* AuthViewModel.swift in Sources */,
				96C4878C263CE45300D18B35 /* DataStoreTableViewCell.swift in Sources */,
				96C487DC263E32E000D18B35 /* AlertBuilder.swift in Sources */,
				96C48778263C8D6B00D18B35 /* AuthViewController.swift in Sources */,
				96FEF6742639F543007E4BD3 /* AppDelegate.swift in Sources */,
				96FEF6762639F543007E4BD3 /* SceneDelegate.swift in Sources */,
				96440D922641F57E0006429C /* SlideInTransition.swift in Sources */,
				96C487F8263EC4F200D18B35 /* YaarAPIProtocol.swift in Sources */,
				96C48785263CD95700D18B35 /* DataStoreViewController.swift in Sources */,
				96440D892641E8710006429C /* UINavigationController+Extension.swift in Sources */,
				96C48800263F008B00D18B35 /* YaarModel.swift in Sources */,
				96C48752263B49FB00D18B35 /* YaarAPIService.swift in Sources */,
			);
			runOnlyForDeploymentPostprocessing = 0;
		};
		96FEF6822639F545007E4BD3 /* Sources */ = {
			isa = PBXSourcesBuildPhase;
			buildActionMask = 2147483647;
			files = (
				96C487F0263EC29A00D18B35 /* MockYaarAPIClient.swift in Sources */,
				96FEF68B2639F545007E4BD3 /* YaarTests.swift in Sources */,
			);
			runOnlyForDeploymentPostprocessing = 0;
		};
		96FEF68D2639F545007E4BD3 /* Sources */ = {
			isa = PBXSourcesBuildPhase;
			buildActionMask = 2147483647;
			files = (
				96FEF6962639F545007E4BD3 /* YaarUITests.swift in Sources */,
			);
			runOnlyForDeploymentPostprocessing = 0;
		};
/* End PBXSourcesBuildPhase section */

/* Begin PBXTargetDependency section */
		96FEF6882639F545007E4BD3 /* PBXTargetDependency */ = {
			isa = PBXTargetDependency;
			target = 96FEF66F2639F543007E4BD3 /* Yaar */;
			targetProxy = 96FEF6872639F545007E4BD3 /* PBXContainerItemProxy */;
		};
		96FEF6932639F545007E4BD3 /* PBXTargetDependency */ = {
			isa = PBXTargetDependency;
			target = 96FEF66F2639F543007E4BD3 /* Yaar */;
			targetProxy = 96FEF6922639F545007E4BD3 /* PBXContainerItemProxy */;
		};
/* End PBXTargetDependency section */

/* Begin PBXVariantGroup section */
		96FEF6792639F543007E4BD3 /* Main.storyboard */ = {
			isa = PBXVariantGroup;
			children = (
				96FEF67A2639F543007E4BD3 /* Base */,
			);
			name = Main.storyboard;
			sourceTree = "<group>";
		};
		96FEF67E2639F545007E4BD3 /* LaunchScreen.storyboard */ = {
			isa = PBXVariantGroup;
			children = (
				96FEF67F2639F545007E4BD3 /* Base */,
			);
			name = LaunchScreen.storyboard;
			sourceTree = "<group>";
		};
/* End PBXVariantGroup section */

/* Begin XCBuildConfiguration section */
		96FEF6982639F545007E4BD3 /* Debug */ = {
			isa = XCBuildConfiguration;
			buildSettings = {
				ALWAYS_SEARCH_USER_PATHS = NO;
				CLANG_ANALYZER_NONNULL = YES;
				CLANG_ANALYZER_NUMBER_OBJECT_CONVERSION = YES_AGGRESSIVE;
				CLANG_CXX_LANGUAGE_STANDARD = "gnu++14";
				CLANG_CXX_LIBRARY = "libc++";
				CLANG_ENABLE_MODULES = YES;
				CLANG_ENABLE_OBJC_ARC = YES;
				CLANG_ENABLE_OBJC_WEAK = YES;
				CLANG_WARN_BLOCK_CAPTURE_AUTORELEASING = YES;
				CLANG_WARN_BOOL_CONVERSION = YES;
				CLANG_WARN_COMMA = YES;
				CLANG_WARN_CONSTANT_CONVERSION = YES;
				CLANG_WARN_DEPRECATED_OBJC_IMPLEMENTATIONS = YES;
				CLANG_WARN_DIRECT_OBJC_ISA_USAGE = YES_ERROR;
				CLANG_WARN_DOCUMENTATION_COMMENTS = YES;
				CLANG_WARN_EMPTY_BODY = YES;
				CLANG_WARN_ENUM_CONVERSION = YES;
				CLANG_WARN_INFINITE_RECURSION = YES;
				CLANG_WARN_INT_CONVERSION = YES;
				CLANG_WARN_NON_LITERAL_NULL_CONVERSION = YES;
				CLANG_WARN_OBJC_IMPLICIT_RETAIN_SELF = YES;
				CLANG_WARN_OBJC_LITERAL_CONVERSION = YES;
				CLANG_WARN_OBJC_ROOT_CLASS = YES_ERROR;
				CLANG_WARN_QUOTED_INCLUDE_IN_FRAMEWORK_HEADER = YES;
				CLANG_WARN_RANGE_LOOP_ANALYSIS = YES;
				CLANG_WARN_STRICT_PROTOTYPES = YES;
				CLANG_WARN_SUSPICIOUS_MOVE = YES;
				CLANG_WARN_UNGUARDED_AVAILABILITY = YES_AGGRESSIVE;
				CLANG_WARN_UNREACHABLE_CODE = YES;
				CLANG_WARN__DUPLICATE_METHOD_MATCH = YES;
				COPY_PHASE_STRIP = NO;
				DEBUG_INFORMATION_FORMAT = dwarf;
				ENABLE_STRICT_OBJC_MSGSEND = YES;
				ENABLE_TESTABILITY = YES;
				GCC_C_LANGUAGE_STANDARD = gnu11;
				GCC_DYNAMIC_NO_PIC = NO;
				GCC_NO_COMMON_BLOCKS = YES;
				GCC_OPTIMIZATION_LEVEL = 0;
				GCC_PREPROCESSOR_DEFINITIONS = (
					"DEBUG=1",
					"$(inherited)",
				);
				GCC_WARN_64_TO_32_BIT_CONVERSION = YES;
				GCC_WARN_ABOUT_RETURN_TYPE = YES_ERROR;
				GCC_WARN_UNDECLARED_SELECTOR = YES;
				GCC_WARN_UNINITIALIZED_AUTOS = YES_AGGRESSIVE;
				GCC_WARN_UNUSED_FUNCTION = YES;
				GCC_WARN_UNUSED_VARIABLE = YES;
				IPHONEOS_DEPLOYMENT_TARGET = 14.3;
				MTL_ENABLE_DEBUG_INFO = INCLUDE_SOURCE;
				MTL_FAST_MATH = YES;
				ONLY_ACTIVE_ARCH = YES;
				SDKROOT = iphoneos;
				SWIFT_ACTIVE_COMPILATION_CONDITIONS = DEBUG;
				SWIFT_OPTIMIZATION_LEVEL = "-Onone";
			};
			name = Debug;
		};
		96FEF6992639F545007E4BD3 /* Release */ = {
			isa = XCBuildConfiguration;
			buildSettings = {
				ALWAYS_SEARCH_USER_PATHS = NO;
				CLANG_ANALYZER_NONNULL = YES;
				CLANG_ANALYZER_NUMBER_OBJECT_CONVERSION = YES_AGGRESSIVE;
				CLANG_CXX_LANGUAGE_STANDARD = "gnu++14";
				CLANG_CXX_LIBRARY = "libc++";
				CLANG_ENABLE_MODULES = YES;
				CLANG_ENABLE_OBJC_ARC = YES;
				CLANG_ENABLE_OBJC_WEAK = YES;
				CLANG_WARN_BLOCK_CAPTURE_AUTORELEASING = YES;
				CLANG_WARN_BOOL_CONVERSION = YES;
				CLANG_WARN_COMMA = YES;
				CLANG_WARN_CONSTANT_CONVERSION = YES;
				CLANG_WARN_DEPRECATED_OBJC_IMPLEMENTATIONS = YES;
				CLANG_WARN_DIRECT_OBJC_ISA_USAGE = YES_ERROR;
				CLANG_WARN_DOCUMENTATION_COMMENTS = YES;
				CLANG_WARN_EMPTY_BODY = YES;
				CLANG_WARN_ENUM_CONVERSION = YES;
				CLANG_WARN_INFINITE_RECURSION = YES;
				CLANG_WARN_INT_CONVERSION = YES;
				CLANG_WARN_NON_LITERAL_NULL_CONVERSION = YES;
				CLANG_WARN_OBJC_IMPLICIT_RETAIN_SELF = YES;
				CLANG_WARN_OBJC_LITERAL_CONVERSION = YES;
				CLANG_WARN_OBJC_ROOT_CLASS = YES_ERROR;
				CLANG_WARN_QUOTED_INCLUDE_IN_FRAMEWORK_HEADER = YES;
				CLANG_WARN_RANGE_LOOP_ANALYSIS = YES;
				CLANG_WARN_STRICT_PROTOTYPES = YES;
				CLANG_WARN_SUSPICIOUS_MOVE = YES;
				CLANG_WARN_UNGUARDED_AVAILABILITY = YES_AGGRESSIVE;
				CLANG_WARN_UNREACHABLE_CODE = YES;
				CLANG_WARN__DUPLICATE_METHOD_MATCH = YES;
				COPY_PHASE_STRIP = NO;
				DEBUG_INFORMATION_FORMAT = "dwarf-with-dsym";
				ENABLE_NS_ASSERTIONS = NO;
				ENABLE_STRICT_OBJC_MSGSEND = YES;
				GCC_C_LANGUAGE_STANDARD = gnu11;
				GCC_NO_COMMON_BLOCKS = YES;
				GCC_WARN_64_TO_32_BIT_CONVERSION = YES;
				GCC_WARN_ABOUT_RETURN_TYPE = YES_ERROR;
				GCC_WARN_UNDECLARED_SELECTOR = YES;
				GCC_WARN_UNINITIALIZED_AUTOS = YES_AGGRESSIVE;
				GCC_WARN_UNUSED_FUNCTION = YES;
				GCC_WARN_UNUSED_VARIABLE = YES;
				IPHONEOS_DEPLOYMENT_TARGET = 14.3;
				MTL_ENABLE_DEBUG_INFO = NO;
				MTL_FAST_MATH = YES;
				SDKROOT = iphoneos;
				SWIFT_COMPILATION_MODE = wholemodule;
				SWIFT_OPTIMIZATION_LEVEL = "-O";
				VALIDATE_PRODUCT = YES;
			};
			name = Release;
		};
		96FEF69B2639F545007E4BD3 /* Debug */ = {
			isa = XCBuildConfiguration;
			baseConfigurationReference = FCA7FE311B13509EAB35E49A /* Pods-Yaar.debug.xcconfig */;
			buildSettings = {
				ASSETCATALOG_COMPILER_APPICON_NAME = AppIcon;
				ASSETCATALOG_COMPILER_GLOBAL_ACCENT_COLOR_NAME = AccentColor;
				CODE_SIGN_STYLE = Automatic;
				INFOPLIST_FILE = Yaar/Info.plist;
				LD_RUNPATH_SEARCH_PATHS = (
					"$(inherited)",
					"@executable_path/Frameworks",
				);
				PRODUCT_BUNDLE_IDENTIFIER = com.abdul.Yaar;
				PRODUCT_NAME = "$(TARGET_NAME)";
				SWIFT_VERSION = 5.0;
				TARGETED_DEVICE_FAMILY = "1,2";
			};
			name = Debug;
		};
		96FEF69C2639F545007E4BD3 /* Release */ = {
			isa = XCBuildConfiguration;
			baseConfigurationReference = A114578CBEE37B4298109541 /* Pods-Yaar.release.xcconfig */;
			buildSettings = {
				ASSETCATALOG_COMPILER_APPICON_NAME = AppIcon;
				ASSETCATALOG_COMPILER_GLOBAL_ACCENT_COLOR_NAME = AccentColor;
				CODE_SIGN_STYLE = Automatic;
				INFOPLIST_FILE = Yaar/Info.plist;
				LD_RUNPATH_SEARCH_PATHS = (
					"$(inherited)",
					"@executable_path/Frameworks",
				);
				PRODUCT_BUNDLE_IDENTIFIER = com.abdul.Yaar;
				PRODUCT_NAME = "$(TARGET_NAME)";
				SWIFT_VERSION = 5.0;
				TARGETED_DEVICE_FAMILY = "1,2";
			};
			name = Release;
		};
		96FEF69E2639F545007E4BD3 /* Debug */ = {
			isa = XCBuildConfiguration;
			baseConfigurationReference = 25FC260B3552EE3261A98BE2 /* Pods-YaarTests.debug.xcconfig */;
			buildSettings = {
				ALWAYS_EMBED_SWIFT_STANDARD_LIBRARIES = YES;
				BUNDLE_LOADER = "$(TEST_HOST)";
				CODE_SIGN_STYLE = Automatic;
				INFOPLIST_FILE = YaarTests/Info.plist;
				IPHONEOS_DEPLOYMENT_TARGET = 14.3;
				LD_RUNPATH_SEARCH_PATHS = (
					"$(inherited)",
					"@executable_path/Frameworks",
					"@loader_path/Frameworks",
				);
				PRODUCT_BUNDLE_IDENTIFIER = com.abdul.YaarTests;
				PRODUCT_NAME = "$(TARGET_NAME)";
				SWIFT_VERSION = 5.0;
				TARGETED_DEVICE_FAMILY = "1,2";
				TEST_HOST = "$(BUILT_PRODUCTS_DIR)/Yaar.app/Yaar";
			};
			name = Debug;
		};
		96FEF69F2639F545007E4BD3 /* Release */ = {
			isa = XCBuildConfiguration;
			baseConfigurationReference = C2746BFDAF24A3AA460B207D /* Pods-YaarTests.release.xcconfig */;
			buildSettings = {
				ALWAYS_EMBED_SWIFT_STANDARD_LIBRARIES = YES;
				BUNDLE_LOADER = "$(TEST_HOST)";
				CODE_SIGN_STYLE = Automatic;
				INFOPLIST_FILE = YaarTests/Info.plist;
				IPHONEOS_DEPLOYMENT_TARGET = 14.3;
				LD_RUNPATH_SEARCH_PATHS = (
					"$(inherited)",
					"@executable_path/Frameworks",
					"@loader_path/Frameworks",
				);
				PRODUCT_BUNDLE_IDENTIFIER = com.abdul.YaarTests;
				PRODUCT_NAME = "$(TARGET_NAME)";
				SWIFT_VERSION = 5.0;
				TARGETED_DEVICE_FAMILY = "1,2";
				TEST_HOST = "$(BUILT_PRODUCTS_DIR)/Yaar.app/Yaar";
			};
			name = Release;
		};
		96FEF6A12639F545007E4BD3 /* Debug */ = {
			isa = XCBuildConfiguration;
			baseConfigurationReference = C9BC39DFEE1C48CA3B7E918F /* Pods-Yaar-YaarUITests.debug.xcconfig */;
			buildSettings = {
				ALWAYS_EMBED_SWIFT_STANDARD_LIBRARIES = YES;
				CODE_SIGN_STYLE = Automatic;
				INFOPLIST_FILE = YaarUITests/Info.plist;
				LD_RUNPATH_SEARCH_PATHS = (
					"$(inherited)",
					"@executable_path/Frameworks",
					"@loader_path/Frameworks",
				);
				PRODUCT_BUNDLE_IDENTIFIER = com.abdul.YaarUITests;
				PRODUCT_NAME = "$(TARGET_NAME)";
				SWIFT_VERSION = 5.0;
				TARGETED_DEVICE_FAMILY = "1,2";
				TEST_TARGET_NAME = Yaar;
			};
			name = Debug;
		};
		96FEF6A22639F545007E4BD3 /* Release */ = {
			isa = XCBuildConfiguration;
			baseConfigurationReference = 5562E748E57E8E3D2046C4DC /* Pods-Yaar-YaarUITests.release.xcconfig */;
			buildSettings = {
				ALWAYS_EMBED_SWIFT_STANDARD_LIBRARIES = YES;
				CODE_SIGN_STYLE = Automatic;
				INFOPLIST_FILE = YaarUITests/Info.plist;
				LD_RUNPATH_SEARCH_PATHS = (
					"$(inherited)",
					"@executable_path/Frameworks",
					"@loader_path/Frameworks",
				);
				PRODUCT_BUNDLE_IDENTIFIER = com.abdul.YaarUITests;
				PRODUCT_NAME = "$(TARGET_NAME)";
				SWIFT_VERSION = 5.0;
				TARGETED_DEVICE_FAMILY = "1,2";
				TEST_TARGET_NAME = Yaar;
			};
			name = Release;
		};
/* End XCBuildConfiguration section */

/* Begin XCConfigurationList section */
		96FEF66B2639F543007E4BD3 /* Build configuration list for PBXProject "Yaar" */ = {
			isa = XCConfigurationList;
			buildConfigurations = (
				96FEF6982639F545007E4BD3 /* Debug */,
				96FEF6992639F545007E4BD3 /* Release */,
			);
			defaultConfigurationIsVisible = 0;
			defaultConfigurationName = Release;
		};
		96FEF69A2639F545007E4BD3 /* Build configuration list for PBXNativeTarget "Yaar" */ = {
			isa = XCConfigurationList;
			buildConfigurations = (
				96FEF69B2639F545007E4BD3 /* Debug */,
				96FEF69C2639F545007E4BD3 /* Release */,
			);
			defaultConfigurationIsVisible = 0;
			defaultConfigurationName = Release;
		};
		96FEF69D2639F545007E4BD3 /* Build configuration list for PBXNativeTarget "YaarTests" */ = {
			isa = XCConfigurationList;
			buildConfigurations = (
				96FEF69E2639F545007E4BD3 /* Debug */,
				96FEF69F2639F545007E4BD3 /* Release */,
			);
			defaultConfigurationIsVisible = 0;
			defaultConfigurationName = Release;
		};
		96FEF6A02639F545007E4BD3 /* Build configuration list for PBXNativeTarget "YaarUITests" */ = {
			isa = XCConfigurationList;
			buildConfigurations = (
				96FEF6A12639F545007E4BD3 /* Debug */,
				96FEF6A22639F545007E4BD3 /* Release */,
			);
			defaultConfigurationIsVisible = 0;
			defaultConfigurationName = Release;
		};
/* End XCConfigurationList section */
	};
	rootObject = 96FEF6682639F543007E4BD3 /* Project object */;
}
